// !$*UTF8*$!
{
	archiveVersion = 1;
	classes = {
	};
	objectVersion = 46;
	objects = {

/* Begin PBXBuildFile section */
		2049F2B51D12C85C00DEA144 /* AppDelegate.swift in Sources */ = {isa = PBXBuildFile; fileRef = 2049F2B41D12C85C00DEA144 /* AppDelegate.swift */; };
		2049F2B71D12C85C00DEA144 /* ViewController.swift in Sources */ = {isa = PBXBuildFile; fileRef = 2049F2B61D12C85C00DEA144 /* ViewController.swift */; };
		2049F2BA1D12C85C00DEA144 /* Main.storyboard in Resources */ = {isa = PBXBuildFile; fileRef = 2049F2B81D12C85C00DEA144 /* Main.storyboard */; };
		2049F2BC1D12C85C00DEA144 /* Assets.xcassets in Resources */ = {isa = PBXBuildFile; fileRef = 2049F2BB1D12C85C00DEA144 /* Assets.xcassets */; };
		2049F2BF1D12C85C00DEA144 /* LaunchScreen.storyboard in Resources */ = {isa = PBXBuildFile; fileRef = 2049F2BD1D12C85C00DEA144 /* LaunchScreen.storyboard */; };
/* End PBXBuildFile section */

/* Begin PBXFileReference section */
		2049F2B11D12C85C00DEA144 /* JSON Example.app */ = {isa = PBXFileReference; explicitFileType = wrapper.application; includeInIndex = 0; path = "JSON Example.app"; sourceTree = BUILT_PRODUCTS_DIR; };
		2049F2B41D12C85C00DEA144 /* AppDelegate.swift */ = {isa = PBXFileReference; lastKnownFileType = sourcecode.swift; path = AppDelegate.swift; sourceTree = "<group>"; };
		2049F2B61D12C85C00DEA144 /* ViewController.swift */ = {isa = PBXFileReference; lastKnownFileType = sourcecode.swift; path = ViewController.swift; sourceTree = "<group>"; };
		2049F2B91D12C85C00DEA144 /* Base */ = {isa = PBXFileReference; lastKnownFileType = file.storyboard; name = Base; path = Base.lproj/Main.storyboard; sourceTree = "<group>"; };
		2049F2BB1D12C85C00DEA144 /* Assets.xcassets */ = {isa = PBXFileReference; lastKnownFileType = folder.assetcatalog; path = Assets.xcassets; sourceTree = "<group>"; };
		2049F2BE1D12C85C00DEA144 /* Base */ = {isa = PBXFileReference; lastKnownFileType = file.storyboard; name = Base; path = Base.lproj/LaunchScreen.storyboard; sourceTree = "<group>"; };
		2049F2C01D12C85C00DEA144 /* Info.plist */ = {isa = PBXFileReference; lastKnownFileType = text.plist.xml; path = Info.plist; sourceTree = "<group>"; };
/* End PBXFileReference section */

/* Begin PBXFrameworksBuildPhase section */
		2049F2AE1D12C85C00DEA144 /* Frameworks */ = {
			isa = PBXFrameworksBuildPhase;
			buildActionMask = 2147483647;
			files = (
			);
			runOnlyForDeploymentPostprocessing = 0;
		};
/* End PBXFrameworksBuildPhase section */

/* Begin PBXGroup section */
		2049F2A81D12C85C00DEA144 = {
			isa = PBXGroup;
			children = (
				2049F2B31D12C85C00DEA144 /* JSON Example */,
				2049F2B21D12C85C00DEA144 /* Products */,
			);
			sourceTree = "<group>";
		};
		2049F2B21D12C85C00DEA144 /* Products */ = {
			isa = PBXGroup;
			children = (
				2049F2B11D12C85C00DEA144 /* JSON Example.app */,
			);
			name = Products;
			sourceTree = "<group>";
		};
		2049F2B31D12C85C00DEA144 /* JSON Example */ = {
			isa = PBXGroup;
			children = (
				2049F2B41D12C85C00DEA144 /* AppDelegate.swift */,
				2049F2B61D12C85C00DEA144 /* ViewController.swift */,
				2049F2B81D12C85C00DEA144 /* Main.storyboard */,
				2049F2BB1D12C85C00DEA144 /* Assets.xcassets */,
				2049F2BD1D12C85C00DEA144 /* LaunchScreen.storyboard */,
				2049F2C01D12C85C00DEA144 /* Info.plist */,
			);
			path = "JSON Example";
			sourceTree = "<group>";
		};
/* End PBXGroup section */

/* Begin PBXNativeTarget section */
		2049F2B01D12C85C00DEA144 /* JSON Example */ = {
			isa = PBXNativeTarget;
			buildConfigurationList = 2049F2C31D12C85C00DEA144 /* Build configuration list for PBXNativeTarget "JSON Example" */;
			buildPhases = (
				2049F2AD1D12C85C00DEA144 /* Sources */,
				2049F2AE1D12C85C00DEA144 /* Frameworks */,
				2049F2AF1D12C85C00DEA144 /* Resources */,
			);
			buildRules = (
			);
			dependencies = (
			);
			name = "JSON Example";
			productName = "JSON Example";
			productReference = 2049F2B11D12C85C00DEA144 /* JSON Example.app */;
			productType = "com.apple.product-type.application";
		};
/* End PBXNativeTarget section */

/* Begin PBXProject section */
		2049F2A91D12C85C00DEA144 /* Project object */ = {
			isa = PBXProject;
			attributes = {
				LastSwiftUpdateCheck = 0730;
				LastUpgradeCheck = 0730;
				ORGANIZATIONNAME = "Rickey Hrabowskie";
				TargetAttributes = {
					2049F2B01D12C85C00DEA144 = {
						CreatedOnToolsVersion = 7.3.1;
					};
				};
			};
			buildConfigurationList = 2049F2AC1D12C85C00DEA144 /* Build configuration list for PBXProject "JSON Example" */;
			compatibilityVersion = "Xcode 3.2";
			developmentRegion = English;
			hasScannedForEncodings = 0;
			knownRegions = (
				en,
				Base,
			);
			mainGroup = 2049F2A81D12C85C00DEA144;
			productRefGroup = 2049F2B21D12C85C00DEA144 /* Products */;
			projectDirPath = "";
			projectRoot = "";
			targets = (
				2049F2B01D12C85C00DEA144 /* JSON Example */,
			);
		};
/* End PBXProject section */

/* Begin PBXResourcesBuildPhase section */
		2049F2AF1D12C85C00DEA144 /* Resources */ = {
			isa = PBXResourcesBuildPhase;
			buildActionMask = 2147483647;
			files = (
				2049F2BF1D12C85C00DEA144 /* LaunchScreen.storyboard in Resources */,
				2049F2BC1D12C85C00DEA144 /* Assets.xcassets in Resources */,
				2049F2BA1D12C85C00DEA144 /* Main.storyboard in Resources */,
			);
			runOnlyForDeploymentPostprocessing = 0;
		};
/* End PBXResourcesBuildPhase section */

/* Begin PBXSourcesBuildPhase section */
		2049F2AD1D12C85C00DEA144 /* Sources */ = {
			isa = PBXSourcesBuildPhase;
			buildActionMask = 2147483647;
			files = (
				2049F2B71D12C85C00DEA144 /* ViewController.swift in Sources */,
				2049F2B51D12C85C00DEA144 /* AppDelegate.swift in Sources */,
			);
			runOnlyForDeploymentPostprocessing = 0;
		};
/* End PBXSourcesBuildPhase section */

/* Begin PBXVariantGroup section */
		2049F2B81D12C85C00DEA144 /* Main.storyboard */ = {
			isa = PBXVariantGroup;
			children = (
				2049F2B91D12C85C00DEA144 /* Base */,
			);
			name = Main.storyboard;
			sourceTree = "<group>";
		};
		2049F2BD1D12C85C00DEA144 /* LaunchScreen.storyboard */ = {
			isa = PBXVariantGroup;
			children = (
				2049F2BE1D12C85C00DEA144 /* Base */,
			);
			name = LaunchScreen.storyboard;
			sourceTree = "<group>";
		};
/* End PBXVariantGroup section */

/* Begin XCBuildConfiguration section */
		2049F2C11D12C85C00DEA144 /* Debug */ = {
			isa = XCBuildConfiguration;
			buildSettings = {
				ALWAYS_SEARCH_USER_PATHS = NO;
				CLANG_ANALYZER_NONNULL = YES;
				CLANG_CXX_LANGUAGE_STANDARD = "gnu++0x";
				CLANG_CXX_LIBRARY = "libc++";
				CLANG_ENABLE_MODULES = YES;
				CLANG_ENABLE_OBJC_ARC = YES;
				CLANG_WARN_BOOL_CONVERSION = YES;
				CLANG_WARN_CONSTANT_CONVERSION = YES;
				CLANG_WARN_DIRECT_OBJC_ISA_USAGE = YES_ERROR;
				CLANG_WARN_EMPTY_BODY = YES;
				CLANG_WARN_ENUM_CONVERSION = YES;
				CLANG_WARN_INT_CONVERSION = YES;
				CLANG_WARN_OBJC_ROOT_CLASS = YES_ERROR;
				CLANG_WARN_UNREACHABLE_CODE = YES;
				CLANG_WARN__DUPLICATE_METHOD_MATCH = YES;
				"CODE_SIGN_IDENTITY[sdk=iphoneos*]" = "iPhone Developer";
				COPY_PHASE_STRIP = NO;
				DEBUG_INFORMATION_FORMAT = dwarf;
				ENABLE_STRICT_OBJC_MSGSEND = YES;
				ENABLE_TESTABILITY = YES;
				GCC_C_LANGUAGE_STANDARD = gnu99;
				GCC_DYNAMIC_NO_PIC = NO;
				GCC_NO_COMMON_BLOCKS = YES;
				GCC_OPTIMIZATION_LEVEL = 0;
				GCC_PREPROCESSOR_DEFINITIONS = (
					"DEBUG=1",
					"$(inherited)",
				);
				GCC_WARN_64_TO_32_BIT_CONVERSION = YES;
				GCC_WARN_ABOUT_RETURN_TYPE = YES_ERROR;
				GCC_WARN_UNDECLARED_SELECTOR = YES;
				GCC_WARN_UNINITIALIZED_AUTOS = YES_AGGRESSIVE;
				GCC_WARN_UNUSED_FUNCTION = YES;
				GCC_WARN_UNUSED_VARIABLE = YES;
				IPHONEOS_DEPLOYMENT_TARGET = 9.3;
				MTL_ENABLE_DEBUG_INFO = YES;
				ONLY_ACTIVE_ARCH = YES;
				SDKROOT = iphoneos;
				SWIFT_OPTIMIZATION_LEVEL = "-Onone";
			};
			name = Debug;
		};
		2049F2C21D12C85C00DEA144 /* Release */ = {
			isa = XCBuildConfiguration;
			buildSettings = {
				ALWAYS_SEARCH_USER_PATHS = NO;
				CLANG_ANALYZER_NONNULL = YES;
				CLANG_CXX_LANGUAGE_STANDARD = "gnu++0x";
				CLANG_CXX_LIBRARY = "libc++";
				CLANG_ENABLE_MODULES = YES;
				CLANG_ENABLE_OBJC_ARC = YES;
				CLANG_WARN_BOOL_CONVERSION = YES;
				CLANG_WARN_CONSTANT_CONVERSION = YES;
				CLANG_WARN_DIRECT_OBJC_ISA_USAGE = YES_ERROR;
				CLANG_WARN_EMPTY_BODY = YES;
				CLANG_WARN_ENUM_CONVERSION = YES;
				CLANG_WARN_INT_CONVERSION = YES;
				CLANG_WARN_OBJC_ROOT_CLASS = YES_ERROR;
				CLANG_WARN_UNREACHABLE_CODE = YES;
				CLANG_WARN__DUPLICATE_METHOD_MATCH = YES;
				"CODE_SIGN_IDENTITY[sdk=iphoneos*]" = "iPhone Developer";
				COPY_PHASE_STRIP = NO;
				DEBUG_INFORMATION_FORMAT = "dwarf-with-dsym";
				ENABLE_NS_ASSERTIONS = NO;
				ENABLE_STRICT_OBJC_MSGSEND = YES;
				GCC_C_LANGUAGE_STANDARD = gnu99;
				GCC_NO_COMMON_BLOCKS = YES;
				GCC_WARN_64_TO_32_BIT_CONVERSION = YES;
				GCC_WARN_ABOUT_RETURN_TYPE = YES_ERROR;
				GCC_WARN_UNDECLARED_SELECTOR = YES;
				GCC_WARN_UNINITIALIZED_AUTOS = YES_AGGRESSIVE;
				GCC_WARN_UNUSED_FUNCTION = YES;
				GCC_WARN_UNUSED_VARIABLE = YES;
				IPHONEOS_DEPLOYMENT_TARGET = 9.3;
				MTL_ENABLE_DEBUG_INFO = NO;
				SDKROOT = iphoneos;
				VALIDATE_PRODUCT = YES;
			};
			name = Release;
		};
		2049F2C41D12C85C00DEA144 /* Debug */ = {
			isa = XCBuildConfiguration;
			buildSettings = {
				ASSETCATALOG_COMPILER_APPICON_NAME = AppIcon;
				INFOPLIST_FILE = "JSON Example/Info.plist";
				LD_RUNPATH_SEARCH_PATHS = "$(inherited) @executable_path/Frameworks";
				PRODUCT_BUNDLE_IDENTIFIER = "com.rj.JSON-Example";
				PRODUCT_NAME = "$(TARGET_NAME)";
			};
			name = Debug;
		};
		2049F2C51D12C85C00DEA144 /* Release */ = {
			isa = XCBuildConfiguration;
			buildSettings = {
				ASSETCATALOG_COMPILER_APPICON_NAME = AppIcon;
				INFOPLIST_FILE = "JSON Example/Info.plist";
				LD_RUNPATH_SEARCH_PATHS = "$(inherited) @executable_path/Frameworks";
				PRODUCT_BUNDLE_IDENTIFIER = "com.rj.JSON-Example";
				PRODUCT_NAME = "$(TARGET_NAME)";
			};
			name = Release;
		};
/* End XCBuildConfiguration section */

/* Begin XCConfigurationList section */
		2049F2AC1D12C85C00DEA144 /* Build configuration list for PBXProject "JSON Example" */ = {
			isa = XCConfigurationList;
			buildConfigurations = (
				2049F2C11D12C85C00DEA144 /* Debug */,
				2049F2C21D12C85C00DEA144 /* Release */,
			);
			defaultConfigurationIsVisible = 0;
			defaultConfigurationName = Release;
		};
		2049F2C31D12C85C00DEA144 /* Build configuration list for PBXNativeTarget "JSON Example" */ = {
			isa = XCConfigurationList;
			buildConfigurations = (
				2049F2C41D12C85C00DEA144 /* Debug */,
				2049F2C51D12C85C00DEA144 /* Release */,
			);
			defaultConfigurationIsVisible = 0;
		};
/* End XCConfigurationList section */
	};
	rootObject = 2049F2A91D12C85C00DEA144 /* Project object */;
}
