// !$*UTF8*$!
{
	archiveVersion = 1;
	classes = {
	};
	objectVersion = 46;
	objects = {

/* Begin PBXBuildFile section */
		20463C1B1D3D717400976511 /* AppDelegate.swift in Sources */ = {isa = PBXBuildFile; fileRef = 20463C1A1D3D717400976511 /* AppDelegate.swift */; };
		20463C1D1D3D717400976511 /* ViewController.swift in Sources */ = {isa = PBXBuildFile; fileRef = 20463C1C1D3D717400976511 /* ViewController.swift */; };
		20463C201D3D717400976511 /* Main.storyboard in Resources */ = {isa = PBXBuildFile; fileRef = 20463C1E1D3D717400976511 /* Main.storyboard */; };
		20463C221D3D717400976511 /* Assets.xcassets in Resources */ = {isa = PBXBuildFile; fileRef = 20463C211D3D717400976511 /* Assets.xcassets */; };
		20463C251D3D717400976511 /* LaunchScreen.storyboard in Resources */ = {isa = PBXBuildFile; fileRef = 20463C231D3D717400976511 /* LaunchScreen.storyboard */; };
		20463C331D3D74A300976511 /* SpecialImageView.swift in Sources */ = {isa = PBXBuildFile; fileRef = 20463C321D3D74A300976511 /* SpecialImageView.swift */; };
/* End PBXBuildFile section */

/* Begin PBXFileReference section */
		20463C171D3D717400976511 /* Subclassing.app */ = {isa = PBXFileReference; explicitFileType = wrapper.application; includeInIndex = 0; path = Subclassing.app; sourceTree = BUILT_PRODUCTS_DIR; };
		20463C1A1D3D717400976511 /* AppDelegate.swift */ = {isa = PBXFileReference; lastKnownFileType = sourcecode.swift; path = AppDelegate.swift; sourceTree = "<group>"; };
		20463C1C1D3D717400976511 /* ViewController.swift */ = {isa = PBXFileReference; lastKnownFileType = sourcecode.swift; path = ViewController.swift; sourceTree = "<group>"; };
		20463C1F1D3D717400976511 /* Base */ = {isa = PBXFileReference; lastKnownFileType = file.storyboard; name = Base; path = Base.lproj/Main.storyboard; sourceTree = "<group>"; };
		20463C211D3D717400976511 /* Assets.xcassets */ = {isa = PBXFileReference; lastKnownFileType = folder.assetcatalog; path = Assets.xcassets; sourceTree = "<group>"; };
		20463C241D3D717400976511 /* Base */ = {isa = PBXFileReference; lastKnownFileType = file.storyboard; name = Base; path = Base.lproj/LaunchScreen.storyboard; sourceTree = "<group>"; };
		20463C261D3D717400976511 /* Info.plist */ = {isa = PBXFileReference; lastKnownFileType = text.plist.xml; path = Info.plist; sourceTree = "<group>"; };
		20463C321D3D74A300976511 /* SpecialImageView.swift */ = {isa = PBXFileReference; fileEncoding = 4; lastKnownFileType = sourcecode.swift; path = SpecialImageView.swift; sourceTree = "<group>"; };
/* End PBXFileReference section */

/* Begin PBXFrameworksBuildPhase section */
		20463C141D3D717400976511 /* Frameworks */ = {
			isa = PBXFrameworksBuildPhase;
			buildActionMask = 2147483647;
			files = (
			);
			runOnlyForDeploymentPostprocessing = 0;
		};
/* End PBXFrameworksBuildPhase section */

/* Begin PBXGroup section */
		20463C0E1D3D717300976511 = {
			isa = PBXGroup;
			children = (
				20463C191D3D717400976511 /* Subclassing */,
				20463C181D3D717400976511 /* Products */,
			);
			sourceTree = "<group>";
		};
		20463C181D3D717400976511 /* Products */ = {
			isa = PBXGroup;
			children = (
				20463C171D3D717400976511 /* Subclassing.app */,
			);
			name = Products;
			sourceTree = "<group>";
		};
		20463C191D3D717400976511 /* Subclassing */ = {
			isa = PBXGroup;
			children = (
				20463C1A1D3D717400976511 /* AppDelegate.swift */,
				20463C1C1D3D717400976511 /* ViewController.swift */,
				20463C321D3D74A300976511 /* SpecialImageView.swift */,
				20463C1E1D3D717400976511 /* Main.storyboard */,
				20463C211D3D717400976511 /* Assets.xcassets */,
				20463C231D3D717400976511 /* LaunchScreen.storyboard */,
				20463C261D3D717400976511 /* Info.plist */,
			);
			path = Subclassing;
			sourceTree = "<group>";
		};
/* End PBXGroup section */

/* Begin PBXNativeTarget section */
		20463C161D3D717400976511 /* Subclassing */ = {
			isa = PBXNativeTarget;
			buildConfigurationList = 20463C291D3D717400976511 /* Build configuration list for PBXNativeTarget "Subclassing" */;
			buildPhases = (
				20463C131D3D717400976511 /* Sources */,
				20463C141D3D717400976511 /* Frameworks */,
				20463C151D3D717400976511 /* Resources */,
			);
			buildRules = (
			);
			dependencies = (
			);
			name = Subclassing;
			productName = Subclassing;
			productReference = 20463C171D3D717400976511 /* Subclassing.app */;
			productType = "com.apple.product-type.application";
		};
/* End PBXNativeTarget section */

/* Begin PBXProject section */
		20463C0F1D3D717400976511 /* Project object */ = {
			isa = PBXProject;
			attributes = {
				LastSwiftUpdateCheck = 0730;
				LastUpgradeCheck = 0730;
				ORGANIZATIONNAME = "Rickey Hrabowskie";
				TargetAttributes = {
					20463C161D3D717400976511 = {
						CreatedOnToolsVersion = 7.3.1;
					};
				};
			};
			buildConfigurationList = 20463C121D3D717400976511 /* Build configuration list for PBXProject "Subclassing" */;
			compatibilityVersion = "Xcode 3.2";
			developmentRegion = English;
			hasScannedForEncodings = 0;
			knownRegions = (
				en,
				Base,
			);
			mainGroup = 20463C0E1D3D717300976511;
			productRefGroup = 20463C181D3D717400976511 /* Products */;
			projectDirPath = "";
			projectRoot = "";
			targets = (
				20463C161D3D717400976511 /* Subclassing */,
			);
		};
/* End PBXProject section */

/* Begin PBXResourcesBuildPhase section */
		20463C151D3D717400976511 /* Resources */ = {
			isa = PBXResourcesBuildPhase;
			buildActionMask = 2147483647;
			files = (
				20463C251D3D717400976511 /* LaunchScreen.storyboard in Resources */,
				20463C221D3D717400976511 /* Assets.xcassets in Resources */,
				20463C201D3D717400976511 /* Main.storyboard in Resources */,
			);
			runOnlyForDeploymentPostprocessing = 0;
		};
/* End PBXResourcesBuildPhase section */

/* Begin PBXSourcesBuildPhase section */
		20463C131D3D717400976511 /* Sources */ = {
			isa = PBXSourcesBuildPhase;
			buildActionMask = 2147483647;
			files = (
				20463C1D1D3D717400976511 /* ViewController.swift in Sources */,
				20463C1B1D3D717400976511 /* AppDelegate.swift in Sources */,
				20463C331D3D74A300976511 /* SpecialImageView.swift in Sources */,
			);
			runOnlyForDeploymentPostprocessing = 0;
		};
/* End PBXSourcesBuildPhase section */

/* Begin PBXVariantGroup section */
		20463C1E1D3D717400976511 /* Main.storyboard */ = {
			isa = PBXVariantGroup;
			children = (
				20463C1F1D3D717400976511 /* Base */,
			);
			name = Main.storyboard;
			sourceTree = "<group>";
		};
		20463C231D3D717400976511 /* LaunchScreen.storyboard */ = {
			isa = PBXVariantGroup;
			children = (
				20463C241D3D717400976511 /* Base */,
			);
			name = LaunchScreen.storyboard;
			sourceTree = "<group>";
		};
/* End PBXVariantGroup section */

/* Begin XCBuildConfiguration section */
		20463C271D3D717400976511 /* Debug */ = {
			isa = XCBuildConfiguration;
			buildSettings = {
				ALWAYS_SEARCH_USER_PATHS = NO;
				CLANG_ANALYZER_NONNULL = YES;
				CLANG_CXX_LANGUAGE_STANDARD = "gnu++0x";
				CLANG_CXX_LIBRARY = "libc++";
				CLANG_ENABLE_MODULES = YES;
				CLANG_ENABLE_OBJC_ARC = YES;
				CLANG_WARN_BOOL_CONVERSION = YES;
				CLANG_WARN_CONSTANT_CONVERSION = YES;
				CLANG_WARN_DIRECT_OBJC_ISA_USAGE = YES_ERROR;
				CLANG_WARN_EMPTY_BODY = YES;
				CLANG_WARN_ENUM_CONVERSION = YES;
				CLANG_WARN_INT_CONVERSION = YES;
				CLANG_WARN_OBJC_ROOT_CLASS = YES_ERROR;
				CLANG_WARN_UNREACHABLE_CODE = YES;
				CLANG_WARN__DUPLICATE_METHOD_MATCH = YES;
				"CODE_SIGN_IDENTITY[sdk=iphoneos*]" = "iPhone Developer";
				COPY_PHASE_STRIP = NO;
				DEBUG_INFORMATION_FORMAT = dwarf;
				ENABLE_STRICT_OBJC_MSGSEND = YES;
				ENABLE_TESTABILITY = YES;
				GCC_C_LANGUAGE_STANDARD = gnu99;
				GCC_DYNAMIC_NO_PIC = NO;
				GCC_NO_COMMON_BLOCKS = YES;
				GCC_OPTIMIZATION_LEVEL = 0;
				GCC_PREPROCESSOR_DEFINITIONS = (
					"DEBUG=1",
					"$(inherited)",
				);
				GCC_WARN_64_TO_32_BIT_CONVERSION = YES;
				GCC_WARN_ABOUT_RETURN_TYPE = YES_ERROR;
				GCC_WARN_UNDECLARED_SELECTOR = YES;
				GCC_WARN_UNINITIALIZED_AUTOS = YES_AGGRESSIVE;
				GCC_WARN_UNUSED_FUNCTION = YES;
				GCC_WARN_UNUSED_VARIABLE = YES;
				IPHONEOS_DEPLOYMENT_TARGET = 9.3;
				MTL_ENABLE_DEBUG_INFO = YES;
				ONLY_ACTIVE_ARCH = YES;
				SDKROOT = iphoneos;
				SWIFT_OPTIMIZATION_LEVEL = "-Onone";
			};
			name = Debug;
		};
		20463C281D3D717400976511 /* Release */ = {
			isa = XCBuildConfiguration;
			buildSettings = {
				ALWAYS_SEARCH_USER_PATHS = NO;
				CLANG_ANALYZER_NONNULL = YES;
				CLANG_CXX_LANGUAGE_STANDARD = "gnu++0x";
				CLANG_CXX_LIBRARY = "libc++";
				CLANG_ENABLE_MODULES = YES;
				CLANG_ENABLE_OBJC_ARC = YES;
				CLANG_WARN_BOOL_CONVERSION = YES;
				CLANG_WARN_CONSTANT_CONVERSION = YES;
				CLANG_WARN_DIRECT_OBJC_ISA_USAGE = YES_ERROR;
				CLANG_WARN_EMPTY_BODY = YES;
				CLANG_WARN_ENUM_CONVERSION = YES;
				CLANG_WARN_INT_CONVERSION = YES;
				CLANG_WARN_OBJC_ROOT_CLASS = YES_ERROR;
				CLANG_WARN_UNREACHABLE_CODE = YES;
				CLANG_WARN__DUPLICATE_METHOD_MATCH = YES;
				"CODE_SIGN_IDENTITY[sdk=iphoneos*]" = "iPhone Developer";
				COPY_PHASE_STRIP = NO;
				DEBUG_INFORMATION_FORMAT = "dwarf-with-dsym";
				ENABLE_NS_ASSERTIONS = NO;
				ENABLE_STRICT_OBJC_MSGSEND = YES;
				GCC_C_LANGUAGE_STANDARD = gnu99;
				GCC_NO_COMMON_BLOCKS = YES;
				GCC_WARN_64_TO_32_BIT_CONVERSION = YES;
				GCC_WARN_ABOUT_RETURN_TYPE = YES_ERROR;
				GCC_WARN_UNDECLARED_SELECTOR = YES;
				GCC_WARN_UNINITIALIZED_AUTOS = YES_AGGRESSIVE;
				GCC_WARN_UNUSED_FUNCTION = YES;
				GCC_WARN_UNUSED_VARIABLE = YES;
				IPHONEOS_DEPLOYMENT_TARGET = 9.3;
				MTL_ENABLE_DEBUG_INFO = NO;
				SDKROOT = iphoneos;
				VALIDATE_PRODUCT = YES;
			};
			name = Release;
		};
		20463C2A1D3D717400976511 /* Debug */ = {
			isa = XCBuildConfiguration;
			buildSettings = {
				ASSETCATALOG_COMPILER_APPICON_NAME = AppIcon;
				INFOPLIST_FILE = Subclassing/Info.plist;
				LD_RUNPATH_SEARCH_PATHS = "$(inherited) @executable_path/Frameworks";
				PRODUCT_BUNDLE_IDENTIFIER = com.training.Subclassing;
				PRODUCT_NAME = "$(TARGET_NAME)";
			};
			name = Debug;
		};
		20463C2B1D3D717400976511 /* Release */ = {
			isa = XCBuildConfiguration;
			buildSettings = {
				ASSETCATALOG_COMPILER_APPICON_NAME = AppIcon;
				INFOPLIST_FILE = Subclassing/Info.plist;
				LD_RUNPATH_SEARCH_PATHS = "$(inherited) @executable_path/Frameworks";
				PRODUCT_BUNDLE_IDENTIFIER = com.training.Subclassing;
				PRODUCT_NAME = "$(TARGET_NAME)";
			};
			name = Release;
		};
/* End XCBuildConfiguration section */

/* Begin XCConfigurationList section */
		20463C121D3D717400976511 /* Build configuration list for PBXProject "Subclassing" */ = {
			isa = XCConfigurationList;
			buildConfigurations = (
				20463C271D3D717400976511 /* Debug */,
				20463C281D3D717400976511 /* Release */,
			);
			defaultConfigurationIsVisible = 0;
			defaultConfigurationName = Release;
		};
		20463C291D3D717400976511 /* Build configuration list for PBXNativeTarget "Subclassing" */ = {
			isa = XCConfigurationList;
			buildConfigurations = (
				20463C2A1D3D717400976511 /* Debug */,
				20463C2B1D3D717400976511 /* Release */,
			);
			defaultConfigurationIsVisible = 0;
		};
/* End XCConfigurationList section */
	};
	rootObject = 20463C0F1D3D717400976511 /* Project object */;
}
